
Microsoft Visual Studio Solution File, Format Version 12.00
# Visual Studio Version 17
VisualStudioVersion = 17.0.31912.275
MinimumVisualStudioVersion = 10.0.40219.1
Project("{FAE04EC0-301F-11D3-BF4B-00C04F79EFBC}") = "ShoppingWebsite", "ShoppingWebsite\ShoppingWebsite.csproj", "{35C73947-E4C2-428A-9D56-B39241DF3B0C}"
EndProject
Global
	GlobalSection(SolutionConfigurationPlatforms) = preSolution
		Debug|Any CPU = Debug|Any CPU
		Release|Any CPU = Release|Any CPU
	EndGlobalSection
	GlobalSection(ProjectConfigurationPlatforms) = postSolution
		{35C73947-E4C2-428A-9D56-B39241DF3B0C}.Debug|Any CPU.ActiveCfg = Debug|Any CPU
		{35C73947-E4C2-428A-9D56-B39241DF3B0C}.Debug|Any CPU.Build.0 = Debug|Any CPU
		{35C73947-E4C2-428A-9D56-B39241DF3B0C}.Release|Any CPU.ActiveCfg = Release|Any CPU
		{35C73947-E4C2-428A-9D56-B39241DF3B0C}.Release|Any CPU.Build.0 = Release|Any CPU
	EndGlobalSection
	GlobalSection(SolutionProperties) = preSolution
		HideSolutionNode = FALSE
	EndGlobalSection
	GlobalSection(ExtensibilityGlobals) = postSolution
		SolutionGuid = {8872A198-C1DB-42FE-A91F-A997609EC4A4}
	EndGlobalSection
EndGlobal
